{
  "nodes": {
    "flake-compat": {
      "flake": false,
      "locked": {
        "lastModified": 1673956053,
        "narHash": "sha256-4gtG9iQuiKITOjNQQeQIpoIB6b16fm+504Ch3sNKLd8=",
        "owner": "edolstra",
        "repo": "flake-compat",
        "rev": "35bb57c0c8d8b62bbfd284272c928ceb64ddbde9",
        "type": "github"
      },
      "original": {
        "owner": "edolstra",
        "repo": "flake-compat",
        "type": "github"
      }
    },
    "gitignore": {
      "inputs": {
        "nixpkgs": [
          "nixpkgs"
        ]
      },
      "locked": {
        "lastModified": 1660459072,
        "narHash": "sha256-8DFJjXG8zqoONA1vXtgeKXy68KdJL5UaXR8NtVMUbx8=",
        "owner": "hercules-ci",
        "repo": "gitignore.nix",
        "rev": "a20de23b925fd8264fd7fad6454652e142fd7f73",
        "type": "github"
      },
      "original": {
        "owner": "hercules-ci",
        "repo": "gitignore.nix",
        "type": "github"
      }
    },
    "nixpkgs": {
      "locked": {
        "lastModified": 1680665430,
        "narHash": "sha256-MTVhTukwza1Jlq2gECITZPFnhROmylP2uv3O3cSqQCE=",
        "owner": "NixOS",
        "repo": "nixpkgs",
        "rev": "5233fd2ba76a3accb5aaa999c00509a11fd0793c",
        "type": "github"
      },
      "original": {
        "owner": "NixOS",
        "ref": "nixos-22.11",
        "repo": "nixpkgs",
        "type": "github"
      }
    },
    "root": {
      "inputs": {
        "flake-compat": "flake-compat",
        "gitignore": "gitignore",
        "nixpkgs": "nixpkgs",
        "tvlkit": "tvlkit"
      }
    },
    "tvlkit": {
      "flake": false,
      "locked": {
        "lastModified": 1680252361,
        "narHash": "sha256-Ic/hS0SbxG0LKUmXcdSA+Aqum07nYiQOsMn9bu9+DWE=",
        "owner": "tvlfyi",
        "repo": "kit",
        "rev": "407bc2c68d188073d9fadd8e5029d72c5f44d7fa",
        "type": "github"
      },
      "original": {
        "owner": "tvlfyi",
        "ref": "canon",
        "repo": "kit",
        "type": "github"
      }
    }
  },
  "root": "root",
  "version": 7
}
