{
  "nodes": {
    "nixpkgs": {
      "locked": {
        "lastModified": 1680665430,
        "narHash": "sha256-MTVhTukwza1Jlq2gECITZPFnhROmylP2uv3O3cSqQCE=",
        "owner": "NixOS",
        "repo": "nixpkgs",
        "rev": "5233fd2ba76a3accb5aaa999c00509a11fd0793c",
        "type": "github"
      },
      "original": {
        "owner": "NixOS",
        "ref": "nixos-22.11",
        "repo": "nixpkgs",
        "type": "github"
      }
    },
    "root": {
      "inputs": {
        "nixpkgs": "nixpkgs",
        "tvlkit": "tvlkit"
      }
    },
    "tvlkit": {
      "flake": false,
      "locked": {
        "lastModified": 1680252361,
        "narHash": "sha256-Ic/hS0SbxG0LKUmXcdSA+Aqum07nYiQOsMn9bu9+DWE=",
        "owner": "tvlfyi",
        "repo": "kit",
        "rev": "407bc2c68d188073d9fadd8e5029d72c5f44d7fa",
        "type": "github"
      },
      "original": {
        "owner": "tvlfyi",
        "ref": "canon",
        "repo": "kit",
        "type": "github"
      }
    }
  },
  "root": "root",
  "version": 7
}
